// !$*UTF8*$!
{
	archiveVersion = 1;
	classes = {
	};
	objectVersion = 46;
	objects = {

/* Begin PBXBuildFile section */
		3801CAC51C0B027600613AC5 /* XLWeiboCell.swift in Sources */ = {isa = PBXBuildFile; fileRef = 3801CAC41C0B027600613AC5 /* XLWeiboCell.swift */; };
		381DA6F61BFA0E9B00BD232C /* AppDelegate.swift in Sources */ = {isa = PBXBuildFile; fileRef = 381DA6F51BFA0E9B00BD232C /* AppDelegate.swift */; };
		381DA6FB1BFA0E9B00BD232C /* Main.storyboard in Resources */ = {isa = PBXBuildFile; fileRef = 381DA6F91BFA0E9B00BD232C /* Main.storyboard */; };
		381DA6FE1BFA0E9B00BD232C /* WeiboDemo.xcdatamodeld in Sources */ = {isa = PBXBuildFile; fileRef = 381DA6FC1BFA0E9B00BD232C /* WeiboDemo.xcdatamodeld */; };
		381DA7001BFA0E9B00BD232C /* Assets.xcassets in Resources */ = {isa = PBXBuildFile; fileRef = 381DA6FF1BFA0E9B00BD232C /* Assets.xcassets */; };
		381DA7031BFA0E9B00BD232C /* LaunchScreen.storyboard in Resources */ = {isa = PBXBuildFile; fileRef = 381DA7011BFA0E9B00BD232C /* LaunchScreen.storyboard */; };
		381DA70E1BFA0E9B00BD232C /* WeiboDemoTests.swift in Sources */ = {isa = PBXBuildFile; fileRef = 381DA70D1BFA0E9B00BD232C /* WeiboDemoTests.swift */; };
		381DA7191BFA0E9C00BD232C /* WeiboDemoUITests.swift in Sources */ = {isa = PBXBuildFile; fileRef = 381DA7181BFA0E9C00BD232C /* WeiboDemoUITests.swift */; };
		381DA7281BFB7B7B00BD232C /* XLTabBarController.swift in Sources */ = {isa = PBXBuildFile; fileRef = 381DA7271BFB7B7B00BD232C /* XLTabBarController.swift */; };
		381DA72A1BFCB7C500BD232C /* XLTabBar.swift in Sources */ = {isa = PBXBuildFile; fileRef = 381DA7291BFCB7C500BD232C /* XLTabBar.swift */; };
		3857D5D31C2E83B9007C5311 /* XLWeiboCellActionView.swift in Sources */ = {isa = PBXBuildFile; fileRef = 3857D5D21C2E83B9007C5311 /* XLWeiboCellActionView.swift */; };
		3857D5D51C2E95A9007C5311 /* XLWeiboCellLayout.swift in Sources */ = {isa = PBXBuildFile; fileRef = 3857D5D41C2E95A9007C5311 /* XLWeiboCellLayout.swift */; };
		3857D5D71C2E965A007C5311 /* XLWeiboCellRetweetLayout.swift in Sources */ = {isa = PBXBuildFile; fileRef = 3857D5D61C2E965A007C5311 /* XLWeiboCellRetweetLayout.swift */; };
		3857D5D91C2FF2BB007C5311 /* XLWeiboCellRetweetView.swift in Sources */ = {isa = PBXBuildFile; fileRef = 3857D5D81C2FF2BB007C5311 /* XLWeiboCellRetweetView.swift */; };
		3857D5DB1C2FF4DE007C5311 /* XLRetweetStatus.swift in Sources */ = {isa = PBXBuildFile; fileRef = 3857D5DA1C2FF4DE007C5311 /* XLRetweetStatus.swift */; };
		3857D5DD1C304B2B007C5311 /* XLOriginalStatus.swift in Sources */ = {isa = PBXBuildFile; fileRef = 3857D5DC1C304B2A007C5311 /* XLOriginalStatus.swift */; };
		38CB24DC1C0AE58000BAF14E /* XLHomeTableViewController.swift in Sources */ = {isa = PBXBuildFile; fileRef = 38CB24DB1C0AE58000BAF14E /* XLHomeTableViewController.swift */; };
		38CB24E31C0B016A00BAF14E /* XLWeiboCellOriginalView.swift in Sources */ = {isa = PBXBuildFile; fileRef = 38CB24E21C0B016900BAF14E /* XLWeiboCellOriginalView.swift */; };
		38DE7A2B1C0B1C4E0044068B /* XLWeiboCellRightTopButton.swift in Sources */ = {isa = PBXBuildFile; fileRef = 38DE7A2A1C0B1C4E0044068B /* XLWeiboCellRightTopButton.swift */; };
		38DE7A2F1C0B2D7C0044068B /* XLCommonFile.swift in Sources */ = {isa = PBXBuildFile; fileRef = 38DE7A2E1C0B2D7C0044068B /* XLCommonFile.swift */; };
		38DE7A321C0B326A0044068B /* XLWelcomeViewController.swift in Sources */ = {isa = PBXBuildFile; fileRef = 38DE7A311C0B326A0044068B /* XLWelcomeViewController.swift */; };
		38DE7A361C10AF510044068B /* XLWeiboAPI.swift in Sources */ = {isa = PBXBuildFile; fileRef = 38DE7A351C10AF510044068B /* XLWeiboAPI.swift */; };
		38E3A8F61C1B051500942E4A /* XLWeiboCellOriginalLayout.swift in Sources */ = {isa = PBXBuildFile; fileRef = 38E3A8F51C1B051500942E4A /* XLWeiboCellOriginalLayout.swift */; };
		38E3A8F81C1B065500942E4A /* XLStatus.swift in Sources */ = {isa = PBXBuildFile; fileRef = 38E3A8F71C1B065500942E4A /* XLStatus.swift */; };
		38E3A8FB1C1B0C8D00942E4A /* XLImageTool.swift in Sources */ = {isa = PBXBuildFile; fileRef = 38E3A8FA1C1B0C8D00942E4A /* XLImageTool.swift */; };
		38E3A8FD1C1F001100942E4A /* XLMultiStatus.swift in Sources */ = {isa = PBXBuildFile; fileRef = 38E3A8FC1C1F001100942E4A /* XLMultiStatus.swift */; };
		4EA6DEBC91BE1320A5F79B50 /* Pods_WeiboDemo.framework in Frameworks */ = {isa = PBXBuildFile; fileRef = 38D9F1C99993AF94B736FA1A /* Pods_WeiboDemo.framework */; };
/* End PBXBuildFile section */

/* Begin PBXContainerItemProxy section */
		381DA70A1BFA0E9B00BD232C /* PBXContainerItemProxy */ = {
			isa = PBXContainerItemProxy;
			containerPortal = 381DA6EA1BFA0E9B00BD232C /* Project object */;
			proxyType = 1;
			remoteGlobalIDString = 381DA6F11BFA0E9B00BD232C;
			remoteInfo = WeiboDemo;
		};
		381DA7151BFA0E9B00BD232C /* PBXContainerItemProxy */ = {
			isa = PBXContainerItemProxy;
			containerPortal = 381DA6EA1BFA0E9B00BD232C /* Project object */;
			proxyType = 1;
			remoteGlobalIDString = 381DA6F11BFA0E9B00BD232C;
			remoteInfo = WeiboDemo;
		};
/* End PBXContainerItemProxy section */

/* Begin PBXFileReference section */
		3801CAC41C0B027600613AC5 /* XLWeiboCell.swift */ = {isa = PBXFileReference; fileEncoding = 4; lastKnownFileType = sourcecode.swift; path = XLWeiboCell.swift; sourceTree = "<group>"; };
		381DA6F21BFA0E9B00BD232C /* WeiboDemo.app */ = {isa = PBXFileReference; explicitFileType = wrapper.application; includeInIndex = 0; path = WeiboDemo.app; sourceTree = BUILT_PRODUCTS_DIR; };
		381DA6F51BFA0E9B00BD232C /* AppDelegate.swift */ = {isa = PBXFileReference; lastKnownFileType = sourcecode.swift; path = AppDelegate.swift; sourceTree = "<group>"; };
		381DA6FA1BFA0E9B00BD232C /* Base */ = {isa = PBXFileReference; lastKnownFileType = file.storyboard; name = Base; path = Base.lproj/Main.storyboard; sourceTree = "<group>"; };
		381DA6FD1BFA0E9B00BD232C /* WeiboDemo.xcdatamodel */ = {isa = PBXFileReference; lastKnownFileType = wrapper.xcdatamodel; path = WeiboDemo.xcdatamodel; sourceTree = "<group>"; };
		381DA6FF1BFA0E9B00BD232C /* Assets.xcassets */ = {isa = PBXFileReference; lastKnownFileType = folder.assetcatalog; path = Assets.xcassets; sourceTree = "<group>"; };
		381DA7021BFA0E9B00BD232C /* Base */ = {isa = PBXFileReference; lastKnownFileType = file.storyboard; name = Base; path = Base.lproj/LaunchScreen.storyboard; sourceTree = "<group>"; };
		381DA7041BFA0E9B00BD232C /* Info.plist */ = {isa = PBXFileReference; lastKnownFileType = text.plist.xml; path = Info.plist; sourceTree = "<group>"; };
		381DA7091BFA0E9B00BD232C /* WeiboDemoTests.xctest */ = {isa = PBXFileReference; explicitFileType = wrapper.cfbundle; includeInIndex = 0; path = WeiboDemoTests.xctest; sourceTree = BUILT_PRODUCTS_DIR; };
		381DA70D1BFA0E9B00BD232C /* WeiboDemoTests.swift */ = {isa = PBXFileReference; lastKnownFileType = sourcecode.swift; path = WeiboDemoTests.swift; sourceTree = "<group>"; };
		381DA70F1BFA0E9B00BD232C /* Info.plist */ = {isa = PBXFileReference; lastKnownFileType = text.plist.xml; path = Info.plist; sourceTree = "<group>"; };
		381DA7141BFA0E9B00BD232C /* WeiboDemoUITests.xctest */ = {isa = PBXFileReference; explicitFileType = wrapper.cfbundle; includeInIndex = 0; path = WeiboDemoUITests.xctest; sourceTree = BUILT_PRODUCTS_DIR; };
		381DA7181BFA0E9C00BD232C /* WeiboDemoUITests.swift */ = {isa = PBXFileReference; lastKnownFileType = sourcecode.swift; path = WeiboDemoUITests.swift; sourceTree = "<group>"; };
		381DA71A1BFA0E9C00BD232C /* Info.plist */ = {isa = PBXFileReference; lastKnownFileType = text.plist.xml; path = Info.plist; sourceTree = "<group>"; };
		381DA7261BFA0EEE00BD232C /* WeiboDemo-Bridging-Header.h */ = {isa = PBXFileReference; fileEncoding = 4; lastKnownFileType = sourcecode.c.h; path = "WeiboDemo-Bridging-Header.h"; sourceTree = "<group>"; };
		381DA7271BFB7B7B00BD232C /* XLTabBarController.swift */ = {isa = PBXFileReference; fileEncoding = 4; lastKnownFileType = sourcecode.swift; path = XLTabBarController.swift; sourceTree = "<group>"; };
		381DA7291BFCB7C500BD232C /* XLTabBar.swift */ = {isa = PBXFileReference; fileEncoding = 4; lastKnownFileType = sourcecode.swift; path = XLTabBar.swift; sourceTree = "<group>"; };
		3857D5D21C2E83B9007C5311 /* XLWeiboCellActionView.swift */ = {isa = PBXFileReference; fileEncoding = 4; lastKnownFileType = sourcecode.swift; path = XLWeiboCellActionView.swift; sourceTree = "<group>"; };
		3857D5D41C2E95A9007C5311 /* XLWeiboCellLayout.swift */ = {isa = PBXFileReference; fileEncoding = 4; lastKnownFileType = sourcecode.swift; path = XLWeiboCellLayout.swift; sourceTree = "<group>"; };
		3857D5D61C2E965A007C5311 /* XLWeiboCellRetweetLayout.swift */ = {isa = PBXFileReference; fileEncoding = 4; lastKnownFileType = sourcecode.swift; path = XLWeiboCellRetweetLayout.swift; sourceTree = "<group>"; };
		3857D5D81C2FF2BB007C5311 /* XLWeiboCellRetweetView.swift */ = {isa = PBXFileReference; fileEncoding = 4; lastKnownFileType = sourcecode.swift; path = XLWeiboCellRetweetView.swift; sourceTree = "<group>"; };
		3857D5DA1C2FF4DE007C5311 /* XLRetweetStatus.swift */ = {isa = PBXFileReference; fileEncoding = 4; lastKnownFileType = sourcecode.swift; path = XLRetweetStatus.swift; sourceTree = "<group>"; };
		3857D5DC1C304B2A007C5311 /* XLOriginalStatus.swift */ = {isa = PBXFileReference; fileEncoding = 4; lastKnownFileType = sourcecode.swift; path = XLOriginalStatus.swift; sourceTree = "<group>"; };
		38CB24DB1C0AE58000BAF14E /* XLHomeTableViewController.swift */ = {isa = PBXFileReference; fileEncoding = 4; lastKnownFileType = sourcecode.swift; path = XLHomeTableViewController.swift; sourceTree = "<group>"; };
		38CB24E21C0B016900BAF14E /* XLWeiboCellOriginalView.swift */ = {isa = PBXFileReference; fileEncoding = 4; lastKnownFileType = sourcecode.swift; path = XLWeiboCellOriginalView.swift; sourceTree = "<group>"; };
		38D9F1C99993AF94B736FA1A /* Pods_WeiboDemo.framework */ = {isa = PBXFileReference; explicitFileType = wrapper.framework; includeInIndex = 0; path = Pods_WeiboDemo.framework; sourceTree = BUILT_PRODUCTS_DIR; };
		38DE7A2A1C0B1C4E0044068B /* XLWeiboCellRightTopButton.swift */ = {isa = PBXFileReference; fileEncoding = 4; lastKnownFileType = sourcecode.swift; path = XLWeiboCellRightTopButton.swift; sourceTree = "<group>"; };
		38DE7A2E1C0B2D7C0044068B /* XLCommonFile.swift */ = {isa = PBXFileReference; fileEncoding = 4; lastKnownFileType = sourcecode.swift; path = XLCommonFile.swift; sourceTree = "<group>"; };
		38DE7A311C0B326A0044068B /* XLWelcomeViewController.swift */ = {isa = PBXFileReference; fileEncoding = 4; lastKnownFileType = sourcecode.swift; path = XLWelcomeViewController.swift; sourceTree = "<group>"; };
		38DE7A351C10AF510044068B /* XLWeiboAPI.swift */ = {isa = PBXFileReference; fileEncoding = 4; lastKnownFileType = sourcecode.swift; path = XLWeiboAPI.swift; sourceTree = "<group>"; };
		38E3A8F51C1B051500942E4A /* XLWeiboCellOriginalLayout.swift */ = {isa = PBXFileReference; fileEncoding = 4; lastKnownFileType = sourcecode.swift; path = XLWeiboCellOriginalLayout.swift; sourceTree = "<group>"; };
		38E3A8F71C1B065500942E4A /* XLStatus.swift */ = {isa = PBXFileReference; fileEncoding = 4; lastKnownFileType = sourcecode.swift; path = XLStatus.swift; sourceTree = "<group>"; };
		38E3A8FA1C1B0C8D00942E4A /* XLImageTool.swift */ = {isa = PBXFileReference; fileEncoding = 4; lastKnownFileType = sourcecode.swift; path = XLImageTool.swift; sourceTree = "<group>"; };
		38E3A8FC1C1F001100942E4A /* XLMultiStatus.swift */ = {isa = PBXFileReference; fileEncoding = 4; lastKnownFileType = sourcecode.swift; path = XLMultiStatus.swift; sourceTree = "<group>"; };
		5B5676C0E73E531416CF4D04 /* Pods-WeiboDemo.debug.xcconfig */ = {isa = PBXFileReference; includeInIndex = 1; lastKnownFileType = text.xcconfig; name = "Pods-WeiboDemo.debug.xcconfig"; path = "Pods/Target Support Files/Pods-WeiboDemo/Pods-WeiboDemo.debug.xcconfig"; sourceTree = "<group>"; };
		A12DC1B5498925FB72793EFA /* Pods-WeiboDemo.release.xcconfig */ = {isa = PBXFileReference; includeInIndex = 1; lastKnownFileType = text.xcconfig; name = "Pods-WeiboDemo.release.xcconfig"; path = "Pods/Target Support Files/Pods-WeiboDemo/Pods-WeiboDemo.release.xcconfig"; sourceTree = "<group>"; };
/* End PBXFileReference section */

/* Begin PBXFrameworksBuildPhase section */
		381DA6EF1BFA0E9B00BD232C /* Frameworks */ = {
			isa = PBXFrameworksBuildPhase;
			buildActionMask = 2147483647;
			files = (
				4EA6DEBC91BE1320A5F79B50 /* Pods_WeiboDemo.framework in Frameworks */,
			);
			runOnlyForDeploymentPostprocessing = 0;
		};
		381DA7061BFA0E9B00BD232C /* Frameworks */ = {
			isa = PBXFrameworksBuildPhase;
			buildActionMask = 2147483647;
			files = (
			);
			runOnlyForDeploymentPostprocessing = 0;
		};
		381DA7111BFA0E9B00BD232C /* Frameworks */ = {
			isa = PBXFrameworksBuildPhase;
			buildActionMask = 2147483647;
			files = (
			);
			runOnlyForDeploymentPostprocessing = 0;
		};
/* End PBXFrameworksBuildPhase section */

/* Begin PBXGroup section */
		2B05A8C6377BB4F66F907767 /* Pods */ = {
			isa = PBXGroup;
			children = (
				5B5676C0E73E531416CF4D04 /* Pods-WeiboDemo.debug.xcconfig */,
				A12DC1B5498925FB72793EFA /* Pods-WeiboDemo.release.xcconfig */,
			);
			name = Pods;
			sourceTree = "<group>";
		};
		381DA6E91BFA0E9B00BD232C = {
			isa = PBXGroup;
			children = (
				381DA6F41BFA0E9B00BD232C /* WeiboDemo */,
				381DA70C1BFA0E9B00BD232C /* WeiboDemoTests */,
				381DA7171BFA0E9C00BD232C /* WeiboDemoUITests */,
				381DA6F31BFA0E9B00BD232C /* Products */,
				2B05A8C6377BB4F66F907767 /* Pods */,
				E39D73DFC172A8D0EE70F6F5 /* Frameworks */,
			);
			sourceTree = "<group>";
		};
		381DA6F31BFA0E9B00BD232C /* Products */ = {
			isa = PBXGroup;
			children = (
				381DA6F21BFA0E9B00BD232C /* WeiboDemo.app */,
				381DA7091BFA0E9B00BD232C /* WeiboDemoTests.xctest */,
				381DA7141BFA0E9B00BD232C /* WeiboDemoUITests.xctest */,
			);
			name = Products;
			sourceTree = "<group>";
		};
		381DA6F41BFA0E9B00BD232C /* WeiboDemo */ = {
			isa = PBXGroup;
			children = (
				38E3A8F91C1B0C4C00942E4A /* Tool */,
				38DE7A301C0B32110044068B /* Main */,
				38CB24DF1C0AF6FC00BAF14E /* HOME */,
				381DA6F91BFA0E9B00BD232C /* Main.storyboard */,
				381DA6FF1BFA0E9B00BD232C /* Assets.xcassets */,
				381DA7011BFA0E9B00BD232C /* LaunchScreen.storyboard */,
				381DA7041BFA0E9B00BD232C /* Info.plist */,
				381DA7261BFA0EEE00BD232C /* WeiboDemo-Bridging-Header.h */,
				381DA6FC1BFA0E9B00BD232C /* WeiboDemo.xcdatamodeld */,
				38DE7A2E1C0B2D7C0044068B /* XLCommonFile.swift */,
			);
			path = WeiboDemo;
			sourceTree = "<group>";
		};
		381DA70C1BFA0E9B00BD232C /* WeiboDemoTests */ = {
			isa = PBXGroup;
			children = (
				381DA70D1BFA0E9B00BD232C /* WeiboDemoTests.swift */,
				381DA70F1BFA0E9B00BD232C /* Info.plist */,
			);
			path = WeiboDemoTests;
			sourceTree = "<group>";
		};
		381DA7171BFA0E9C00BD232C /* WeiboDemoUITests */ = {
			isa = PBXGroup;
			children = (
				381DA7181BFA0E9C00BD232C /* WeiboDemoUITests.swift */,
				381DA71A1BFA0E9C00BD232C /* Info.plist */,
			);
			path = WeiboDemoUITests;
			sourceTree = "<group>";
		};
		38CB24DF1C0AF6FC00BAF14E /* HOME */ = {
			isa = PBXGroup;
			children = (
				38E3A8F41C1B013600942E4A /* Model */,
				38E3A8F31C1B012C00942E4A /* View */,
				38E3A8F21C1B011F00942E4A /* Controller */,
			);
			name = HOME;
			sourceTree = "<group>";
		};
		38DE7A301C0B32110044068B /* Main */ = {
			isa = PBXGroup;
			children = (
				381DA6F51BFA0E9B00BD232C /* AppDelegate.swift */,
				381DA7271BFB7B7B00BD232C /* XLTabBarController.swift */,
				381DA7291BFCB7C500BD232C /* XLTabBar.swift */,
				38DE7A311C0B326A0044068B /* XLWelcomeViewController.swift */,
			);
			name = Main;
			sourceTree = "<group>";
		};
		38E3A8F21C1B011F00942E4A /* Controller */ = {
			isa = PBXGroup;
			children = (
				38CB24DB1C0AE58000BAF14E /* XLHomeTableViewController.swift */,
			);
			name = Controller;
			sourceTree = "<group>";
		};
		38E3A8F31C1B012C00942E4A /* View */ = {
			isa = PBXGroup;
			children = (
				3801CAC41C0B027600613AC5 /* XLWeiboCell.swift */,
				38CB24E21C0B016900BAF14E /* XLWeiboCellOriginalView.swift */,
				3857D5D81C2FF2BB007C5311 /* XLWeiboCellRetweetView.swift */,
				3857D5D21C2E83B9007C5311 /* XLWeiboCellActionView.swift */,
				38DE7A2A1C0B1C4E0044068B /* XLWeiboCellRightTopButton.swift */,
			);
			name = View;
			sourceTree = "<group>";
		};
		38E3A8F41C1B013600942E4A /* Model */ = {
			isa = PBXGroup;
			children = (
				38E3A8F71C1B065500942E4A /* XLStatus.swift */,
				3857D5DC1C304B2A007C5311 /* XLOriginalStatus.swift */,
				3857D5DA1C2FF4DE007C5311 /* XLRetweetStatus.swift */,
				3857D5D41C2E95A9007C5311 /* XLWeiboCellLayout.swift */,
				38E3A8F51C1B051500942E4A /* XLWeiboCellOriginalLayout.swift */,
				3857D5D61C2E965A007C5311 /* XLWeiboCellRetweetLayout.swift */,
				38E3A8FC1C1F001100942E4A /* XLMultiStatus.swift */,
			);
			name = Model;
			sourceTree = "<group>";
		};
		38E3A8F91C1B0C4C00942E4A /* Tool */ = {
			isa = PBXGroup;
			children = (
				38DE7A351C10AF510044068B /* XLWeiboAPI.swift */,
				38E3A8FA1C1B0C8D00942E4A /* XLImageTool.swift */,
			);
			name = Tool;
			sourceTree = "<group>";
		};
		E39D73DFC172A8D0EE70F6F5 /* Frameworks */ = {
			isa = PBXGroup;
			children = (
				38D9F1C99993AF94B736FA1A /* Pods_WeiboDemo.framework */,
			);
			name = Frameworks;
			sourceTree = "<group>";
		};
/* End PBXGroup section */

/* Begin PBXNativeTarget section */
		381DA6F11BFA0E9B00BD232C /* WeiboDemo */ = {
			isa = PBXNativeTarget;
			buildConfigurationList = 381DA71D1BFA0E9C00BD232C /* Build configuration list for PBXNativeTarget "WeiboDemo" */;
			buildPhases = (
				C882DAF54372707E14943690 /* Check Pods Manifest.lock */,
				381DA6EE1BFA0E9B00BD232C /* Sources */,
				381DA6EF1BFA0E9B00BD232C /* Frameworks */,
				381DA6F01BFA0E9B00BD232C /* Resources */,
				497BDF5421E8988B286E294A /* Embed Pods Frameworks */,
				4D9EF3AECD9BB25335AF2509 /* Copy Pods Resources */,
			);
			buildRules = (
			);
			dependencies = (
			);
			name = WeiboDemo;
			productName = WeiboDemo;
			productReference = 381DA6F21BFA0E9B00BD232C /* WeiboDemo.app */;
			productType = "com.apple.product-type.application";
		};
		381DA7081BFA0E9B00BD232C /* WeiboDemoTests */ = {
			isa = PBXNativeTarget;
			buildConfigurationList = 381DA7201BFA0E9C00BD232C /* Build configuration list for PBXNativeTarget "WeiboDemoTests" */;
			buildPhases = (
				381DA7051BFA0E9B00BD232C /* Sources */,
				381DA7061BFA0E9B00BD232C /* Frameworks */,
				381DA7071BFA0E9B00BD232C /* Resources */,
			);
			buildRules = (
			);
			dependencies = (
				381DA70B1BFA0E9B00BD232C /* PBXTargetDependency */,
			);
			name = WeiboDemoTests;
			productName = WeiboDemoTests;
			productReference = 381DA7091BFA0E9B00BD232C /* WeiboDemoTests.xctest */;
			productType = "com.apple.product-type.bundle.unit-test";
		};
		381DA7131BFA0E9B00BD232C /* WeiboDemoUITests */ = {
			isa = PBXNativeTarget;
			buildConfigurationList = 381DA7231BFA0E9C00BD232C /* Build configuration list for PBXNativeTarget "WeiboDemoUITests" */;
			buildPhases = (
				381DA7101BFA0E9B00BD232C /* Sources */,
				381DA7111BFA0E9B00BD232C /* Frameworks */,
				381DA7121BFA0E9B00BD232C /* Resources */,
			);
			buildRules = (
			);
			dependencies = (
				381DA7161BFA0E9B00BD232C /* PBXTargetDependency */,
			);
			name = WeiboDemoUITests;
			productName = WeiboDemoUITests;
			productReference = 381DA7141BFA0E9B00BD232C /* WeiboDemoUITests.xctest */;
			productType = "com.apple.product-type.bundle.ui-testing";
		};
/* End PBXNativeTarget section */

/* Begin PBXProject section */
		381DA6EA1BFA0E9B00BD232C /* Project object */ = {
			isa = PBXProject;
			attributes = {
				CLASSPREFIX = XL;
				LastSwiftUpdateCheck = 0710;
				LastUpgradeCheck = 0710;
				ORGANIZATIONNAME = Snowgan;
				TargetAttributes = {
					381DA6F11BFA0E9B00BD232C = {
						CreatedOnToolsVersion = 7.1;
					};
					381DA7081BFA0E9B00BD232C = {
						CreatedOnToolsVersion = 7.1;
						TestTargetID = 381DA6F11BFA0E9B00BD232C;
					};
					381DA7131BFA0E9B00BD232C = {
						CreatedOnToolsVersion = 7.1;
						TestTargetID = 381DA6F11BFA0E9B00BD232C;
					};
				};
			};
			buildConfigurationList = 381DA6ED1BFA0E9B00BD232C /* Build configuration list for PBXProject "WeiboDemo" */;
			compatibilityVersion = "Xcode 3.2";
			developmentRegion = English;
			hasScannedForEncodings = 0;
			knownRegions = (
				en,
				Base,
			);
			mainGroup = 381DA6E91BFA0E9B00BD232C;
			productRefGroup = 381DA6F31BFA0E9B00BD232C /* Products */;
			projectDirPath = "";
			projectRoot = "";
			targets = (
				381DA6F11BFA0E9B00BD232C /* WeiboDemo */,
				381DA7081BFA0E9B00BD232C /* WeiboDemoTests */,
				381DA7131BFA0E9B00BD232C /* WeiboDemoUITests */,
			);
		};
/* End PBXProject section */

/* Begin PBXResourcesBuildPhase section */
		381DA6F01BFA0E9B00BD232C /* Resources */ = {
			isa = PBXResourcesBuildPhase;
			buildActionMask = 2147483647;
			files = (
				381DA7031BFA0E9B00BD232C /* LaunchScreen.storyboard in Resources */,
				381DA7001BFA0E9B00BD232C /* Assets.xcassets in Resources */,
				381DA6FB1BFA0E9B00BD232C /* Main.storyboard in Resources */,
			);
			runOnlyForDeploymentPostprocessing = 0;
		};
		381DA7071BFA0E9B00BD232C /* Resources */ = {
			isa = PBXResourcesBuildPhase;
			buildActionMask = 2147483647;
			files = (
			);
			runOnlyForDeploymentPostprocessing = 0;
		};
		381DA7121BFA0E9B00BD232C /* Resources */ = {
			isa = PBXResourcesBuildPhase;
			buildActionMask = 2147483647;
			files = (
			);
			runOnlyForDeploymentPostprocessing = 0;
		};
/* End PBXResourcesBuildPhase section */

/* Begin PBXShellScriptBuildPhase section */
		497BDF5421E8988B286E294A /* Embed Pods Frameworks */ = {
			isa = PBXShellScriptBuildPhase;
			buildActionMask = 2147483647;
			files = (
			);
			inputPaths = (
			);
			name = "Embed Pods Frameworks";
			outputPaths = (
			);
			runOnlyForDeploymentPostprocessing = 0;
			shellPath = /bin/sh;
			shellScript = "\"${SRCROOT}/Pods/Target Support Files/Pods-WeiboDemo/Pods-WeiboDemo-frameworks.sh\"\n";
			showEnvVarsInLog = 0;
		};
		4D9EF3AECD9BB25335AF2509 /* Copy Pods Resources */ = {
			isa = PBXShellScriptBuildPhase;
			buildActionMask = 2147483647;
			files = (
			);
			inputPaths = (
			);
			name = "Copy Pods Resources";
			outputPaths = (
			);
			runOnlyForDeploymentPostprocessing = 0;
			shellPath = /bin/sh;
			shellScript = "\"${SRCROOT}/Pods/Target Support Files/Pods-WeiboDemo/Pods-WeiboDemo-resources.sh\"\n";
			showEnvVarsInLog = 0;
		};
		C882DAF54372707E14943690 /* Check Pods Manifest.lock */ = {
			isa = PBXShellScriptBuildPhase;
			buildActionMask = 2147483647;
			files = (
			);
			inputPaths = (
			);
			name = "Check Pods Manifest.lock";
			outputPaths = (
			);
			runOnlyForDeploymentPostprocessing = 0;
			shellPath = /bin/sh;
			shellScript = "diff \"${PODS_ROOT}/../Podfile.lock\" \"${PODS_ROOT}/Manifest.lock\" > /dev/null\nif [[ $? != 0 ]] ; then\n    cat << EOM\nerror: The sandbox is not in sync with the Podfile.lock. Run 'pod install' or update your CocoaPods installation.\nEOM\n    exit 1\nfi\n";
			showEnvVarsInLog = 0;
		};
/* End PBXShellScriptBuildPhase section */

/* Begin PBXSourcesBuildPhase section */
		381DA6EE1BFA0E9B00BD232C /* Sources */ = {
			isa = PBXSourcesBuildPhase;
			buildActionMask = 2147483647;
			files = (
				38CB24E31C0B016A00BAF14E /* XLWeiboCellOriginalView.swift in Sources */,
				381DA6FE1BFA0E9B00BD232C /* WeiboDemo.xcdatamodeld in Sources */,
				38DE7A321C0B326A0044068B /* XLWelcomeViewController.swift in Sources */,
				38E3A8F81C1B065500942E4A /* XLStatus.swift in Sources */,
				38DE7A361C10AF510044068B /* XLWeiboAPI.swift in Sources */,
				3857D5D91C2FF2BB007C5311 /* XLWeiboCellRetweetView.swift in Sources */,
				38E3A8F61C1B051500942E4A /* XLWeiboCellOriginalLayout.swift in Sources */,
				38DE7A2B1C0B1C4E0044068B /* XLWeiboCellRightTopButton.swift in Sources */,
				38CB24DC1C0AE58000BAF14E /* XLHomeTableViewController.swift in Sources */,
				3857D5D51C2E95A9007C5311 /* XLWeiboCellLayout.swift in Sources */,
				381DA6F61BFA0E9B00BD232C /* AppDelegate.swift in Sources */,
				3857D5D31C2E83B9007C5311 /* XLWeiboCellActionView.swift in Sources */,
				38E3A8FD1C1F001100942E4A /* XLMultiStatus.swift in Sources */,
				3801CAC51C0B027600613AC5 /* XLWeiboCell.swift in Sources */,
				3857D5D71C2E965A007C5311 /* XLWeiboCellRetweetLayout.swift in Sources */,
				381DA7281BFB7B7B00BD232C /* XLTabBarController.swift in Sources */,
				3857D5DB1C2FF4DE007C5311 /* XLRetweetStatus.swift in Sources */,
				38E3A8FB1C1B0C8D00942E4A /* XLImageTool.swift in Sources */,
				381DA72A1BFCB7C500BD232C /* XLTabBar.swift in Sources */,
				3857D5DD1C304B2B007C5311 /* XLOriginalStatus.swift in Sources */,
				38DE7A2F1C0B2D7C0044068B /* XLCommonFile.swift in Sources */,
			);
			runOnlyForDeploymentPostprocessing = 0;
		};
		381DA7051BFA0E9B00BD232C /* Sources */ = {
			isa = PBXSourcesBuildPhase;
			buildActionMask = 2147483647;
			files = (
				381DA70E1BFA0E9B00BD232C /* WeiboDemoTests.swift in Sources */,
			);
			runOnlyForDeploymentPostprocessing = 0;
		};
		381DA7101BFA0E9B00BD232C /* Sources */ = {
			isa = PBXSourcesBuildPhase;
			buildActionMask = 2147483647;
			files = (
				381DA7191BFA0E9C00BD232C /* WeiboDemoUITests.swift in Sources */,
			);
			runOnlyForDeploymentPostprocessing = 0;
		};
/* End PBXSourcesBuildPhase section */

/* Begin PBXTargetDependency section */
		381DA70B1BFA0E9B00BD232C /* PBXTargetDependency */ = {
			isa = PBXTargetDependency;
			target = 381DA6F11BFA0E9B00BD232C /* WeiboDemo */;
			targetProxy = 381DA70A1BFA0E9B00BD232C /* PBXContainerItemProxy */;
		};
		381DA7161BFA0E9B00BD232C /* PBXTargetDependency */ = {
			isa = PBXTargetDependency;
			target = 381DA6F11BFA0E9B00BD232C /* WeiboDemo */;
			targetProxy = 381DA7151BFA0E9B00BD232C /* PBXContainerItemProxy */;
		};
/* End PBXTargetDependency section */

/* Begin PBXVariantGroup section */
		381DA6F91BFA0E9B00BD232C /* Main.storyboard */ = {
			isa = PBXVariantGroup;
			children = (
				381DA6FA1BFA0E9B00BD232C /* Base */,
			);
			name = Main.storyboard;
			sourceTree = "<group>";
		};
		381DA7011BFA0E9B00BD232C /* LaunchScreen.storyboard */ = {
			isa = PBXVariantGroup;
			children = (
				381DA7021BFA0E9B00BD232C /* Base */,
			);
			name = LaunchScreen.storyboard;
			sourceTree = "<group>";
		};
/* End PBXVariantGroup section */

/* Begin XCBuildConfiguration section */
		381DA71B1BFA0E9C00BD232C /* Debug */ = {
			isa = XCBuildConfiguration;
			buildSettings = {
				ALWAYS_SEARCH_USER_PATHS = NO;
				CLANG_CXX_LANGUAGE_STANDARD = "gnu++0x";
				CLANG_CXX_LIBRARY = "libc++";
				CLANG_ENABLE_MODULES = YES;
				CLANG_ENABLE_OBJC_ARC = YES;
				CLANG_WARN_BOOL_CONVERSION = YES;
				CLANG_WARN_CONSTANT_CONVERSION = YES;
				CLANG_WARN_DIRECT_OBJC_ISA_USAGE = YES_ERROR;
				CLANG_WARN_EMPTY_BODY = YES;
				CLANG_WARN_ENUM_CONVERSION = YES;
				CLANG_WARN_INT_CONVERSION = YES;
				CLANG_WARN_OBJC_ROOT_CLASS = YES_ERROR;
				CLANG_WARN_UNREACHABLE_CODE = YES;
				CLANG_WARN__DUPLICATE_METHOD_MATCH = YES;
				"CODE_SIGN_IDENTITY[sdk=iphoneos*]" = "iPhone Developer";
				COPY_PHASE_STRIP = NO;
				DEBUG_INFORMATION_FORMAT = dwarf;
				ENABLE_STRICT_OBJC_MSGSEND = YES;
				ENABLE_TESTABILITY = YES;
				GCC_C_LANGUAGE_STANDARD = gnu99;
				GCC_DYNAMIC_NO_PIC = NO;
				GCC_NO_COMMON_BLOCKS = YES;
				GCC_OPTIMIZATION_LEVEL = 0;
				GCC_PREPROCESSOR_DEFINITIONS = (
					"DEBUG=1",
					"$(inherited)",
				);
				GCC_WARN_64_TO_32_BIT_CONVERSION = YES;
				GCC_WARN_ABOUT_RETURN_TYPE = YES_ERROR;
				GCC_WARN_UNDECLARED_SELECTOR = YES;
				GCC_WARN_UNINITIALIZED_AUTOS = YES_AGGRESSIVE;
				GCC_WARN_UNUSED_FUNCTION = YES;
				GCC_WARN_UNUSED_VARIABLE = YES;
				IPHONEOS_DEPLOYMENT_TARGET = 9.1;
				MTL_ENABLE_DEBUG_INFO = YES;
				ONLY_ACTIVE_ARCH = YES;
				SDKROOT = iphoneos;
				SWIFT_OPTIMIZATION_LEVEL = "-Onone";
			};
			name = Debug;
		};
		381DA71C1BFA0E9C00BD232C /* Release */ = {
			isa = XCBuildConfiguration;
			buildSettings = {
				ALWAYS_SEARCH_USER_PATHS = NO;
				CLANG_CXX_LANGUAGE_STANDARD = "gnu++0x";
				CLANG_CXX_LIBRARY = "libc++";
				CLANG_ENABLE_MODULES = YES;
				CLANG_ENABLE_OBJC_ARC = YES;
				CLANG_WARN_BOOL_CONVERSION = YES;
				CLANG_WARN_CONSTANT_CONVERSION = YES;
				CLANG_WARN_DIRECT_OBJC_ISA_USAGE = YES_ERROR;
				CLANG_WARN_EMPTY_BODY = YES;
				CLANG_WARN_ENUM_CONVERSION = YES;
				CLANG_WARN_INT_CONVERSION = YES;
				CLANG_WARN_OBJC_ROOT_CLASS = YES_ERROR;
				CLANG_WARN_UNREACHABLE_CODE = YES;
				CLANG_WARN__DUPLICATE_METHOD_MATCH = YES;
				"CODE_SIGN_IDENTITY[sdk=iphoneos*]" = "iPhone Developer";
				COPY_PHASE_STRIP = NO;
				DEBUG_INFORMATION_FORMAT = "dwarf-with-dsym";
				ENABLE_NS_ASSERTIONS = NO;
				ENABLE_STRICT_OBJC_MSGSEND = YES;
				GCC_C_LANGUAGE_STANDARD = gnu99;
				GCC_NO_COMMON_BLOCKS = YES;
				GCC_WARN_64_TO_32_BIT_CONVERSION = YES;
				GCC_WARN_ABOUT_RETURN_TYPE = YES_ERROR;
				GCC_WARN_UNDECLARED_SELECTOR = YES;
				GCC_WARN_UNINITIALIZED_AUTOS = YES_AGGRESSIVE;
				GCC_WARN_UNUSED_FUNCTION = YES;
				GCC_WARN_UNUSED_VARIABLE = YES;
				IPHONEOS_DEPLOYMENT_TARGET = 9.1;
				MTL_ENABLE_DEBUG_INFO = NO;
				SDKROOT = iphoneos;
				VALIDATE_PRODUCT = YES;
			};
			name = Release;
		};
		381DA71E1BFA0E9C00BD232C /* Debug */ = {
			isa = XCBuildConfiguration;
			baseConfigurationReference = 5B5676C0E73E531416CF4D04 /* Pods-WeiboDemo.debug.xcconfig */;
			buildSettings = {
				ASSETCATALOG_COMPILER_APPICON_NAME = AppIcon;
				CODE_SIGN_IDENTITY = "iPhone Developer";
				INFOPLIST_FILE = WeiboDemo/Info.plist;
				IPHONEOS_DEPLOYMENT_TARGET = 8.3;
				LD_RUNPATH_SEARCH_PATHS = "$(inherited) @executable_path/Frameworks";
				PRODUCT_BUNDLE_IDENTIFIER = com.gxl.WeiboDemo;
				PRODUCT_NAME = "$(TARGET_NAME)";
				SWIFT_OBJC_BRIDGING_HEADER = "WeiboDemo/WeiboDemo-Bridging-Header.h";
			};
			name = Debug;
		};
		381DA71F1BFA0E9C00BD232C /* Release */ = {
			isa = XCBuildConfiguration;
			baseConfigurationReference = A12DC1B5498925FB72793EFA /* Pods-WeiboDemo.release.xcconfig */;
			buildSettings = {
				ASSETCATALOG_COMPILER_APPICON_NAME = AppIcon;
				CODE_SIGN_IDENTITY = "iPhone Developer";
				INFOPLIST_FILE = WeiboDemo/Info.plist;
				IPHONEOS_DEPLOYMENT_TARGET = 8.3;
				LD_RUNPATH_SEARCH_PATHS = "$(inherited) @executable_path/Frameworks";
				PRODUCT_BUNDLE_IDENTIFIER = com.gxl.WeiboDemo;
				PRODUCT_NAME = "$(TARGET_NAME)";
				SWIFT_OBJC_BRIDGING_HEADER = "WeiboDemo/WeiboDemo-Bridging-Header.h";
			};
			name = Release;
		};
		381DA7211BFA0E9C00BD232C /* Debug */ = {
			isa = XCBuildConfiguration;
			buildSettings = {
				BUNDLE_LOADER = "$(TEST_HOST)";
				INFOPLIST_FILE = WeiboDemoTests/Info.plist;
				LD_RUNPATH_SEARCH_PATHS = "$(inherited) @executable_path/Frameworks @loader_path/Frameworks";
				PRODUCT_BUNDLE_IDENTIFIER = com.gxl.WeiboDemoTests;
				PRODUCT_NAME = "$(TARGET_NAME)";
				TEST_HOST = "$(BUILT_PRODUCTS_DIR)/WeiboDemo.app/WeiboDemo";
			};
			name = Debug;
		};
		381DA7221BFA0E9C00BD232C /* Release */ = {
			isa = XCBuildConfiguration;
			buildSettings = {
				BUNDLE_LOADER = "$(TEST_HOST)";
				INFOPLIST_FILE = WeiboDemoTests/Info.plist;
				LD_RUNPATH_SEARCH_PATHS = "$(inherited) @executable_path/Frameworks @loader_path/Frameworks";
				PRODUCT_BUNDLE_IDENTIFIER = com.gxl.WeiboDemoTests;
				PRODUCT_NAME = "$(TARGET_NAME)";
				TEST_HOST = "$(BUILT_PRODUCTS_DIR)/WeiboDemo.app/WeiboDemo";
			};
			name = Release;
		};
		381DA7241BFA0E9C00BD232C /* Debug */ = {
			isa = XCBuildConfiguration;
			buildSettings = {
				INFOPLIST_FILE = WeiboDemoUITests/Info.plist;
				LD_RUNPATH_SEARCH_PATHS = "$(inherited) @executable_path/Frameworks @loader_path/Frameworks";
				PRODUCT_BUNDLE_IDENTIFIER = com.gxl.WeiboDemoUITests;
				PRODUCT_NAME = "$(TARGET_NAME)";
				TEST_TARGET_NAME = WeiboDemo;
				USES_XCTRUNNER = YES;
			};
			name = Debug;
		};
		381DA7251BFA0E9C00BD232C /* Release */ = {
			isa = XCBuildConfiguration;
			buildSettings = {
				INFOPLIST_FILE = WeiboDemoUITests/Info.plist;
				LD_RUNPATH_SEARCH_PATHS = "$(inherited) @executable_path/Frameworks @loader_path/Frameworks";
				PRODUCT_BUNDLE_IDENTIFIER = com.gxl.WeiboDemoUITests;
				PRODUCT_NAME = "$(TARGET_NAME)";
				TEST_TARGET_NAME = WeiboDemo;
				USES_XCTRUNNER = YES;
			};
			name = Release;
		};
/* End XCBuildConfiguration section */

/* Begin XCConfigurationList section */
		381DA6ED1BFA0E9B00BD232C /* Build configuration list for PBXProject "WeiboDemo" */ = {
			isa = XCConfigurationList;
			buildConfigurations = (
				381DA71B1BFA0E9C00BD232C /* Debug */,
				381DA71C1BFA0E9C00BD232C /* Release */,
			);
			defaultConfigurationIsVisible = 0;
			defaultConfigurationName = Release;
		};
		381DA71D1BFA0E9C00BD232C /* Build configuration list for PBXNativeTarget "WeiboDemo" */ = {
			isa = XCConfigurationList;
			buildConfigurations = (
				381DA71E1BFA0E9C00BD232C /* Debug */,
				381DA71F1BFA0E9C00BD232C /* Release */,
			);
			defaultConfigurationIsVisible = 0;
			defaultConfigurationName = Release;
		};
		381DA7201BFA0E9C00BD232C /* Build configuration list for PBXNativeTarget "WeiboDemoTests" */ = {
			isa = XCConfigurationList;
			buildConfigurations = (
				381DA7211BFA0E9C00BD232C /* Debug */,
				381DA7221BFA0E9C00BD232C /* Release */,
			);
			defaultConfigurationIsVisible = 0;
			defaultConfigurationName = Release;
		};
		381DA7231BFA0E9C00BD232C /* Build configuration list for PBXNativeTarget "WeiboDemoUITests" */ = {
			isa = XCConfigurationList;
			buildConfigurations = (
				381DA7241BFA0E9C00BD232C /* Debug */,
				381DA7251BFA0E9C00BD232C /* Release */,
			);
			defaultConfigurationIsVisible = 0;
			defaultConfigurationName = Release;
		};
/* End XCConfigurationList section */

/* Begin XCVersionGroup section */
		381DA6FC1BFA0E9B00BD232C /* WeiboDemo.xcdatamodeld */ = {
			isa = XCVersionGroup;
			children = (
				381DA6FD1BFA0E9B00BD232C /* WeiboDemo.xcdatamodel */,
			);
			currentVersion = 381DA6FD1BFA0E9B00BD232C /* WeiboDemo.xcdatamodel */;
			path = WeiboDemo.xcdatamodeld;
			sourceTree = "<group>";
			versionGroupType = wrapper.xcdatamodel;
		};
/* End XCVersionGroup section */
	};
	rootObject = 381DA6EA1BFA0E9B00BD232C /* Project object */;
}
